<?xml version="1.0" encoding="utf-8"?>
<Project ToolsVersion="15.0" xmlns="http://schemas.microsoft.com/developer/msbuild/2003">
  <ItemGroup>
    <ClCompile Include="..\lib\axisorder.c">
      <Filter>Source Files</Filter>
    </ClCompile>
    <ClCompile Include="..\lib\buffer.c">
      <Filter>Source Files</Filter>
    </ClCompile>
    <ClCompile Include="..\lib\cJSON.c">
      <Filter>Source Files</Filter>
    </ClCompile>
    <ClCompile Include="..\lib\cache.c">
      <Filter>Source Files</Filter>
    </ClCompile>
    <ClCompile Include="..\lib\cache_bdb.c">
      <Filter>Source Files</Filter>
    </ClCompile>
    <ClCompile Include="..\lib\cache_composite.c">
      <Filter>Source Files</Filter>
    </ClCompile>
    <ClCompile Include="..\lib\cache_couchbase.c">
      <Filter>Source Files</Filter>
    </ClCompile>
    <ClCompile Include="..\lib\cache_disk.c">
      <Filter>Source Files</Filter>
    </ClCompile>
    <ClCompile Include="..\lib\cache_fallback.c">
      <Filter>Source Files</Filter>
    </ClCompile>
    <ClCompile Include="..\lib\cache_memcache.c">
      <Filter>Source Files</Filter>
    </ClCompile>
    <ClCompile Include="..\lib\cache_multitier.c">
      <Filter>Source Files</Filter>
    </ClCompile>
    <ClCompile Include="..\lib\cache_rest.c">
      <Filter>Source Files</Filter>
    </ClCompile>
    <ClCompile Include="..\lib\cache_riak.c">
      <Filter>Source Files</Filter>
    </ClCompile>
    <ClCompile Include="..\lib\cache_sqlite.c">
      <Filter>Source Files</Filter>
    </ClCompile>
    <ClCompile Include="..\lib\cache_tiff.c">
      <Filter>Source Files</Filter>
    </ClCompile>
    <ClCompile Include="..\lib\cache_tokyocabinet.c">
      <Filter>Source Files</Filter>
    </ClCompile>
    <ClCompile Include="..\lib\configuration.c">
      <Filter>Source Files</Filter>
    </ClCompile>
    <ClCompile Include="..\lib\configuration_xml.c">
      <Filter>Source Files</Filter>
    </ClCompile>
    <ClCompile Include="..\lib\connection_pool.c">
      <Filter>Source Files</Filter>
    </ClCompile>
    <ClCompile Include="..\lib\core.c">
      <Filter>Source Files</Filter>
    </ClCompile>
    <ClCompile Include="..\lib\dimension.c">
      <Filter>Source Files</Filter>
    </ClCompile>
    <ClCompile Include="..\lib\dimension_es.c">
      <Filter>Source Files</Filter>
    </ClCompile>
    <ClCompile Include="..\lib\dimension_pg.c">
      <Filter>Source Files</Filter>
    </ClCompile>
    <ClCompile Include="..\lib\dimension_sqlite.c">
      <Filter>Source Files</Filter>
    </ClCompile>
    <ClCompile Include="..\lib\dimension_time.c">
      <Filter>Source Files</Filter>
    </ClCompile>
    <ClCompile Include="..\lib\ezxml.c">
      <Filter>Source Files</Filter>
    </ClCompile>
    <ClCompile Include="..\lib\grid.c">
      <Filter>Source Files</Filter>
    </ClCompile>
    <ClCompile Include="..\lib\hmac-sha.c">
      <Filter>Source Files</Filter>
    </ClCompile>
    <ClCompile Include="..\lib\http.c">
      <Filter>Source Files</Filter>
    </ClCompile>
    <ClCompile Include="..\lib\image.c">
      <Filter>Source Files</Filter>
    </ClCompile>
    <ClCompile Include="..\lib\image_error.c">
      <Filter>Source Files</Filter>
    </ClCompile>
    <ClCompile Include="..\lib\imageio.c">
      <Filter>Source Files</Filter>
    </ClCompile>
    <ClCompile Include="..\lib\imageio_jpeg.c">
      <Filter>Source Files</Filter>
    </ClCompile>
    <ClCompile Include="..\lib\imageio_mixed.c">
      <Filter>Source Files</Filter>
    </ClCompile>
    <ClCompile Include="..\lib\imageio_png.c">
      <Filter>Source Files</Filter>
    </ClCompile>
    <ClCompile Include="..\lib\imageio_raw.c">
      <Filter>Source Files</Filter>
    </ClCompile>
    <ClCompile Include="..\lib\lock.c">
      <Filter>Source Files</Filter>
    </ClCompile>
    <ClCompile Include="..\lib\service_demo.c">
      <Filter>Source Files</Filter>
    </ClCompile>
    <ClCompile Include="..\lib\service_kml.c">
      <Filter>Source Files</Filter>
    </ClCompile>
    <ClCompile Include="..\lib\service_mapguide.c">
      <Filter>Source Files</Filter>
    </ClCompile>
    <ClCompile Include="..\lib\service_tms.c">
      <Filter>Source Files</Filter>
    </ClCompile>
    <ClCompile Include="..\lib\service_ve.c">
      <Filter>Source Files</Filter>
    </ClCompile>
    <ClCompile Include="..\lib\service_wms.c">
      <Filter>Source Files</Filter>
    </ClCompile>
    <ClCompile Include="..\lib\service_wmts.c">
      <Filter>Source Files</Filter>
    </ClCompile>
    <ClCompile Include="..\lib\services.c">
      <Filter>Source Files</Filter>
    </ClCompile>
    <ClCompile Include="..\lib\source.c">
      <Filter>Source Files</Filter>
    </ClCompile>
    <ClCompile Include="..\lib\source_dummy.c">
      <Filter>Source Files</Filter>
    </ClCompile>
    <ClCompile Include="..\lib\source_fallback.c">
      <Filter>Source Files</Filter>
    </ClCompile>
    <ClCompile Include="..\lib\source_gdal.c">
      <Filter>Source Files</Filter>
    </ClCompile>
    <ClCompile Include="..\lib\source_mapserver.c">
      <Filter>Source Files</Filter>
    </ClCompile>
    <ClCompile Include="..\lib\source_wms.c">
      <Filter>Source Files</Filter>
    </ClCompile>
    <ClCompile Include="..\lib\strptime.c">
      <Filter>Source Files</Filter>
    </ClCompile>
    <ClCompile Include="..\lib\tileset.c">
      <Filter>Source Files</Filter>
    </ClCompile>
    <ClCompile Include="..\lib\util.c">
      <Filter>Source Files</Filter>
    </ClCompile>
    <ClCompile Include="..\lib\ruleset.c">
      <Filter>Source Files</Filter>
    </ClCompile>
  </ItemGroup>
  <ItemGroup>
    <ClInclude Include="..\include\cJSON.h">
      <Filter>Header Files</Filter>
    </ClInclude>
    <ClInclude Include="..\include\errors.h">
      <Filter>Header Files</Filter>
    </ClInclude>
    <ClInclude Include="..\include\ezxml.h">
      <Filter>Header Files</Filter>
    </ClInclude>
    <ClInclude Include="..\include\mapcache.h">
      <Filter>Header Files</Filter>
    </ClInclude>
    <ClInclude Include="..\include\mapcache_services.h">
      <Filter>Header Files</Filter>
    </ClInclude>
    <ClInclude Include="..\include\util.h">
      <Filter>Header Files</Filter>
    </ClInclude>
  </ItemGroup>
  <ItemGroup>
    <Filter Include="Header Files">
      <UniqueIdentifier>{65221718-200E-3ADF-896E-7ABBA2AA3B18}</UniqueIdentifier>
    </Filter>
    <Filter Include="Source Files">
      <UniqueIdentifier>{1A4C5345-EA35-3A3B-8DF6-20E560AE0E84}</UniqueIdentifier>
    </Filter>
  </ItemGroup>
</Project>